// !$*UTF8*$!
{
	archiveVersion = 1;
	classes = {
	};
	objectVersion = 56;
	objects = {

/* Begin PBXBuildFile section */
		52215BAF2C7BB12C0072468E /* main.m in Sources */ = {isa = PBXBuildFile; fileRef = 52215BAD2C7BB1270072468E /* main.m */; };
		52300D552C758F46000F974A /* SGChord+Private.mm in Sources */ = {isa = PBXBuildFile; fileRef = 52300D352C758F46000F974A /* SGChord+Private.mm */; };
		52300D562C758F46000F974A /* SGGuitar+Private.mm in Sources */ = {isa = PBXBuildFile; fileRef = 52300D372C758F46000F974A /* SGGuitar+Private.mm */; };
		52300D572C758F46000F974A /* SGGuitarAdjustment+Private.mm in Sources */ = {isa = PBXBuildFile; fileRef = 52300D392C758F46000F974A /* SGGuitarAdjustment+Private.mm */; };
		52300D582C758F46000F974A /* SGGuitarString+Private.mm in Sources */ = {isa = PBXBuildFile; fileRef = 52300D3B2C758F46000F974A /* SGGuitarString+Private.mm */; };
		52300D592C758F46000F974A /* SGNote+Private.mm in Sources */ = {isa = PBXBuildFile; fileRef = 52300D3D2C758F46000F974A /* SGNote+Private.mm */; };
		52300D5A2C758F46000F974A /* SGScale+Private.mm in Sources */ = {isa = PBXBuildFile; fileRef = 52300D402C758F46000F974A /* SGScale+Private.mm */; };
		52300D5B2C758F46000F974A /* SGStringAdjustment+Private.mm in Sources */ = {isa = PBXBuildFile; fileRef = 52300D422C758F46000F974A /* SGStringAdjustment+Private.mm */; };
		52300DA42C7595F0000F974A /* DataRef.cpp in Sources */ = {isa = PBXBuildFile; fileRef = 52300D5E2C7595F0000F974A /* DataRef.cpp */; };
		52300DB12C7595F0000F974A /* DataRef_objc.cpp in Sources */ = {isa = PBXBuildFile; fileRef = 52300D7F2C7595F0000F974A /* DataRef_objc.cpp */; };
		52300DB22C7595F0000F974A /* DJFuture.mm in Sources */ = {isa = PBXBuildFile; fileRef = 52300D832C7595F0000F974A /* DJFuture.mm */; };
		52300DB32C7595F0000F974A /* DJIError.mm in Sources */ = {isa = PBXBuildFile; fileRef = 52300D862C7595F0000F974A /* DJIError.mm */; };
		52300DB42C7595F0000F974A /* DJIProxyCaches.mm in Sources */ = {isa = PBXBuildFile; fileRef = 52300D892C7595F0000F974A /* DJIProxyCaches.mm */; };
		52300DB52C7595F0000F974A /* DJOutcome.mm in Sources */ = {isa = PBXBuildFile; fileRef = 52300D8B2C7595F0000F974A /* DJOutcome.mm */; };
		5231A37B2C79A6B1009151DC /* GuitarImpl.cpp in Sources */ = {isa = PBXBuildFile; fileRef = 525A683B2C76E66700CD81A2 /* GuitarImpl.cpp */; };
		525A68422C76E66F00CD81A2 /* ChordImpl.cpp in Sources */ = {isa = PBXBuildFile; fileRef = 525A68392C76E66700CD81A2 /* ChordImpl.cpp */; };
		525A68432C78497C00CD81A2 /* GuitarAdjustmentImpl.cpp in Sources */ = {isa = PBXBuildFile; fileRef = 525A683A2C76E66700CD81A2 /* GuitarAdjustmentImpl.cpp */; };
		525A68452C78497C00CD81A2 /* NoteImpl.cpp in Sources */ = {isa = PBXBuildFile; fileRef = 525A683D2C76E66700CD81A2 /* NoteImpl.cpp */; };
		525A68462C78497C00CD81A2 /* ScaleImpl.cpp in Sources */ = {isa = PBXBuildFile; fileRef = 525A683F2C76E66700CD81A2 /* ScaleImpl.cpp */; };
		525A68472C78497C00CD81A2 /* GuitarStringImpl.cpp in Sources */ = {isa = PBXBuildFile; fileRef = 525A683C2C76E66700CD81A2 /* GuitarStringImpl.cpp */; };
		525A68492C78497C00CD81A2 /* StringAdjustmentImpl.cpp in Sources */ = {isa = PBXBuildFile; fileRef = 525A68402C76E66700CD81A2 /* StringAdjustmentImpl.cpp */; };
		5273B63E2C7BBAAC000E97F1 /* SGuitarTests.m in Sources */ = {isa = PBXBuildFile; fileRef = 5273B63D2C7BBAAC000E97F1 /* SGuitarTests.m */; };
		5273B6422C7BBB52000E97F1 /* DataRef.cpp in Sources */ = {isa = PBXBuildFile; fileRef = 52300D5E2C7595F0000F974A /* DataRef.cpp */; };
		5273B6432C7BBB52000E97F1 /* DataRef_objc.cpp in Sources */ = {isa = PBXBuildFile; fileRef = 52300D7F2C7595F0000F974A /* DataRef_objc.cpp */; };
		5273B6442C7BBB52000E97F1 /* ChordImpl.cpp in Sources */ = {isa = PBXBuildFile; fileRef = 525A68392C76E66700CD81A2 /* ChordImpl.cpp */; };
		5273B6452C7BBB52000E97F1 /* GuitarAdjustmentImpl.cpp in Sources */ = {isa = PBXBuildFile; fileRef = 525A683A2C76E66700CD81A2 /* GuitarAdjustmentImpl.cpp */; };
		5273B6462C7BBB52000E97F1 /* GuitarImpl.cpp in Sources */ = {isa = PBXBuildFile; fileRef = 525A683B2C76E66700CD81A2 /* GuitarImpl.cpp */; };
		5273B6472C7BBB52000E97F1 /* GuitarStringImpl.cpp in Sources */ = {isa = PBXBuildFile; fileRef = 525A683C2C76E66700CD81A2 /* GuitarStringImpl.cpp */; };
		5273B6482C7BBB52000E97F1 /* NoteImpl.cpp in Sources */ = {isa = PBXBuildFile; fileRef = 525A683D2C76E66700CD81A2 /* NoteImpl.cpp */; };
		5273B6492C7BBB52000E97F1 /* ScaleImpl.cpp in Sources */ = {isa = PBXBuildFile; fileRef = 525A683F2C76E66700CD81A2 /* ScaleImpl.cpp */; };
		5273B64A2C7BBB52000E97F1 /* StringAdjustmentImpl.cpp in Sources */ = {isa = PBXBuildFile; fileRef = 525A68402C76E66700CD81A2 /* StringAdjustmentImpl.cpp */; };
		5273B64B2C7BBB84000E97F1 /* DJFuture.mm in Sources */ = {isa = PBXBuildFile; fileRef = 52300D832C7595F0000F974A /* DJFuture.mm */; };
		5273B64C2C7BBB84000E97F1 /* DJIError.mm in Sources */ = {isa = PBXBuildFile; fileRef = 52300D862C7595F0000F974A /* DJIError.mm */; };
		5273B64D2C7BBB84000E97F1 /* DJIProxyCaches.mm in Sources */ = {isa = PBXBuildFile; fileRef = 52300D892C7595F0000F974A /* DJIProxyCaches.mm */; };
		5273B64E2C7BBB84000E97F1 /* DJOutcome.mm in Sources */ = {isa = PBXBuildFile; fileRef = 52300D8B2C7595F0000F974A /* DJOutcome.mm */; };
		5273B64F2C7BBB84000E97F1 /* SGChord+Private.mm in Sources */ = {isa = PBXBuildFile; fileRef = 52300D352C758F46000F974A /* SGChord+Private.mm */; };
		5273B6502C7BBB84000E97F1 /* SGGuitar+Private.mm in Sources */ = {isa = PBXBuildFile; fileRef = 52300D372C758F46000F974A /* SGGuitar+Private.mm */; };
		5273B6512C7BBB84000E97F1 /* SGGuitarAdjustment+Private.mm in Sources */ = {isa = PBXBuildFile; fileRef = 52300D392C758F46000F974A /* SGGuitarAdjustment+Private.mm */; };
		5273B6522C7BBB84000E97F1 /* SGGuitarString+Private.mm in Sources */ = {isa = PBXBuildFile; fileRef = 52300D3B2C758F46000F974A /* SGGuitarString+Private.mm */; };
		5273B6532C7BBB84000E97F1 /* SGNote+Private.mm in Sources */ = {isa = PBXBuildFile; fileRef = 52300D3D2C758F46000F974A /* SGNote+Private.mm */; };
		5273B6542C7BBB84000E97F1 /* SGScale+Private.mm in Sources */ = {isa = PBXBuildFile; fileRef = 52300D402C758F46000F974A /* SGScale+Private.mm */; };
		5273B6552C7BBB84000E97F1 /* SGStringAdjustment+Private.mm in Sources */ = {isa = PBXBuildFile; fileRef = 52300D422C758F46000F974A /* SGStringAdjustment+Private.mm */; };
/* End PBXBuildFile section */

/* Begin PBXCopyFilesBuildPhase section */
		524A359B2C7433F4007234B0 /* CopyFiles */ = {
			isa = PBXCopyFilesBuildPhase;
			buildActionMask = 2147483647;
			dstPath = /usr/share/man/man1/;
			dstSubfolderSpec = 0;
			files = (
			);
			runOnlyForDeploymentPostprocessing = 1;
		};
/* End PBXCopyFilesBuildPhase section */

/* Begin PBXFileReference section */
		52215BAD2C7BB1270072468E /* main.m */ = {isa = PBXFileReference; lastKnownFileType = sourcecode.c.objc; path = main.m; sourceTree = "<group>"; };
		52300D042C758F46000F974A /* accidental_type.hpp */ = {isa = PBXFileReference; fileEncoding = 4; lastKnownFileType = sourcecode.cpp.h; path = accidental_type.hpp; sourceTree = "<group>"; };
		52300D052C758F46000F974A /* chord.hpp */ = {isa = PBXFileReference; fileEncoding = 4; lastKnownFileType = sourcecode.cpp.h; path = chord.hpp; sourceTree = "<group>"; };
		52300D062C758F46000F974A /* guitar_adjustment.hpp */ = {isa = PBXFileReference; fileEncoding = 4; lastKnownFileType = sourcecode.cpp.h; path = guitar_adjustment.hpp; sourceTree = "<group>"; };
		52300D072C758F46000F974A /* guitar_string.hpp */ = {isa = PBXFileReference; fileEncoding = 4; lastKnownFileType = sourcecode.cpp.h; path = guitar_string.hpp; sourceTree = "<group>"; };
		52300D082C758F46000F974A /* guitar.hpp */ = {isa = PBXFileReference; fileEncoding = 4; lastKnownFileType = sourcecode.cpp.h; path = guitar.hpp; sourceTree = "<group>"; };
		52300D092C758F46000F974A /* note_value.hpp */ = {isa = PBXFileReference; fileEncoding = 4; lastKnownFileType = sourcecode.cpp.h; path = note_value.hpp; sourceTree = "<group>"; };
		52300D0A2C758F46000F974A /* note.hpp */ = {isa = PBXFileReference; fileEncoding = 4; lastKnownFileType = sourcecode.cpp.h; path = note.hpp; sourceTree = "<group>"; };
		52300D0B2C758F46000F974A /* scale.hpp */ = {isa = PBXFileReference; fileEncoding = 4; lastKnownFileType = sourcecode.cpp.h; path = scale.hpp; sourceTree = "<group>"; };
		52300D0C2C758F46000F974A /* string_adjustment.hpp */ = {isa = PBXFileReference; fileEncoding = 4; lastKnownFileType = sourcecode.cpp.h; path = string_adjustment.hpp; sourceTree = "<group>"; };
		52300D292C758F46000F974A /* SGAccidentalType.h */ = {isa = PBXFileReference; fileEncoding = 4; lastKnownFileType = sourcecode.c.h; path = SGAccidentalType.h; sourceTree = "<group>"; };
		52300D2A2C758F46000F974A /* SGChord.h */ = {isa = PBXFileReference; fileEncoding = 4; lastKnownFileType = sourcecode.c.h; path = SGChord.h; sourceTree = "<group>"; };
		52300D2B2C758F46000F974A /* SGGuitar.h */ = {isa = PBXFileReference; fileEncoding = 4; lastKnownFileType = sourcecode.c.h; path = SGGuitar.h; sourceTree = "<group>"; };
		52300D2C2C758F46000F974A /* SGGuitarAdjustment.h */ = {isa = PBXFileReference; fileEncoding = 4; lastKnownFileType = sourcecode.c.h; path = SGGuitarAdjustment.h; sourceTree = "<group>"; };
		52300D2D2C758F46000F974A /* SGGuitarString.h */ = {isa = PBXFileReference; fileEncoding = 4; lastKnownFileType = sourcecode.c.h; path = SGGuitarString.h; sourceTree = "<group>"; };
		52300D2E2C758F46000F974A /* SGNote.h */ = {isa = PBXFileReference; fileEncoding = 4; lastKnownFileType = sourcecode.c.h; path = SGNote.h; sourceTree = "<group>"; };
		52300D2F2C758F46000F974A /* SGNoteValue.h */ = {isa = PBXFileReference; fileEncoding = 4; lastKnownFileType = sourcecode.c.h; path = SGNoteValue.h; sourceTree = "<group>"; };
		52300D302C758F46000F974A /* SGScale.h */ = {isa = PBXFileReference; fileEncoding = 4; lastKnownFileType = sourcecode.c.h; path = SGScale.h; sourceTree = "<group>"; };
		52300D312C758F46000F974A /* SGStringAdjustment.h */ = {isa = PBXFileReference; fileEncoding = 4; lastKnownFileType = sourcecode.c.h; path = SGStringAdjustment.h; sourceTree = "<group>"; };
		52300D332C758F46000F974A /* SGAccidentalType+Private.h */ = {isa = PBXFileReference; fileEncoding = 4; lastKnownFileType = sourcecode.c.h; path = "SGAccidentalType+Private.h"; sourceTree = "<group>"; };
		52300D342C758F46000F974A /* SGChord+Private.h */ = {isa = PBXFileReference; fileEncoding = 4; lastKnownFileType = sourcecode.c.h; path = "SGChord+Private.h"; sourceTree = "<group>"; };
		52300D352C758F46000F974A /* SGChord+Private.mm */ = {isa = PBXFileReference; fileEncoding = 4; lastKnownFileType = sourcecode.cpp.objcpp; path = "SGChord+Private.mm"; sourceTree = "<group>"; };
		52300D362C758F46000F974A /* SGGuitar+Private.h */ = {isa = PBXFileReference; fileEncoding = 4; lastKnownFileType = sourcecode.c.h; path = "SGGuitar+Private.h"; sourceTree = "<group>"; };
		52300D372C758F46000F974A /* SGGuitar+Private.mm */ = {isa = PBXFileReference; fileEncoding = 4; lastKnownFileType = sourcecode.cpp.objcpp; path = "SGGuitar+Private.mm"; sourceTree = "<group>"; };
		52300D382C758F46000F974A /* SGGuitarAdjustment+Private.h */ = {isa = PBXFileReference; fileEncoding = 4; lastKnownFileType = sourcecode.c.h; path = "SGGuitarAdjustment+Private.h"; sourceTree = "<group>"; };
		52300D392C758F46000F974A /* SGGuitarAdjustment+Private.mm */ = {isa = PBXFileReference; fileEncoding = 4; lastKnownFileType = sourcecode.cpp.objcpp; path = "SGGuitarAdjustment+Private.mm"; sourceTree = "<group>"; };
		52300D3A2C758F46000F974A /* SGGuitarString+Private.h */ = {isa = PBXFileReference; fileEncoding = 4; lastKnownFileType = sourcecode.c.h; path = "SGGuitarString+Private.h"; sourceTree = "<group>"; };
		52300D3B2C758F46000F974A /* SGGuitarString+Private.mm */ = {isa = PBXFileReference; fileEncoding = 4; lastKnownFileType = sourcecode.cpp.objcpp; path = "SGGuitarString+Private.mm"; sourceTree = "<group>"; };
		52300D3C2C758F46000F974A /* SGNote+Private.h */ = {isa = PBXFileReference; fileEncoding = 4; lastKnownFileType = sourcecode.c.h; path = "SGNote+Private.h"; sourceTree = "<group>"; };
		52300D3D2C758F46000F974A /* SGNote+Private.mm */ = {isa = PBXFileReference; fileEncoding = 4; lastKnownFileType = sourcecode.cpp.objcpp; path = "SGNote+Private.mm"; sourceTree = "<group>"; };
		52300D3E2C758F46000F974A /* SGNoteValue+Private.h */ = {isa = PBXFileReference; fileEncoding = 4; lastKnownFileType = sourcecode.c.h; path = "SGNoteValue+Private.h"; sourceTree = "<group>"; };
		52300D3F2C758F46000F974A /* SGScale+Private.h */ = {isa = PBXFileReference; fileEncoding = 4; lastKnownFileType = sourcecode.c.h; path = "SGScale+Private.h"; sourceTree = "<group>"; };
		52300D402C758F46000F974A /* SGScale+Private.mm */ = {isa = PBXFileReference; fileEncoding = 4; lastKnownFileType = sourcecode.cpp.objcpp; path = "SGScale+Private.mm"; sourceTree = "<group>"; };
		52300D412C758F46000F974A /* SGStringAdjustment+Private.h */ = {isa = PBXFileReference; fileEncoding = 4; lastKnownFileType = sourcecode.c.h; path = "SGStringAdjustment+Private.h"; sourceTree = "<group>"; };
		52300D422C758F46000F974A /* SGStringAdjustment+Private.mm */ = {isa = PBXFileReference; fileEncoding = 4; lastKnownFileType = sourcecode.cpp.objcpp; path = "SGStringAdjustment+Private.mm"; sourceTree = "<group>"; };
		52300D5E2C7595F0000F974A /* DataRef.cpp */ = {isa = PBXFileReference; fileEncoding = 4; lastKnownFileType = sourcecode.cpp.cpp; path = DataRef.cpp; sourceTree = "<group>"; };
		52300D5F2C7595F0000F974A /* DataRef.hpp */ = {isa = PBXFileReference; fileEncoding = 4; lastKnownFileType = sourcecode.cpp.h; path = DataRef.hpp; sourceTree = "<group>"; };
		52300D602C7595F0000F974A /* DataView.hpp */ = {isa = PBXFileReference; fileEncoding = 4; lastKnownFileType = sourcecode.cpp.h; path = DataView.hpp; sourceTree = "<group>"; };
		52300D612C7595F0000F974A /* expected.hpp */ = {isa = PBXFileReference; fileEncoding = 4; lastKnownFileType = sourcecode.cpp.h; path = expected.hpp; sourceTree = "<group>"; };
		52300D622C7595F0000F974A /* Future.hpp */ = {isa = PBXFileReference; fileEncoding = 4; lastKnownFileType = sourcecode.cpp.h; path = Future.hpp; sourceTree = "<group>"; };
		52300D632C7595F0000F974A /* SharedFuture.hpp */ = {isa = PBXFileReference; fileEncoding = 4; lastKnownFileType = sourcecode.cpp.h; path = SharedFuture.hpp; sourceTree = "<group>"; };
		52300D642C7595F0000F974A /* tl_expected.hpp */ = {isa = PBXFileReference; fileEncoding = 4; lastKnownFileType = sourcecode.cpp.h; path = tl_expected.hpp; sourceTree = "<group>"; };
		52300D7F2C7595F0000F974A /* DataRef_objc.cpp */ = {isa = PBXFileReference; fileEncoding = 4; lastKnownFileType = sourcecode.cpp.cpp; path = DataRef_objc.cpp; sourceTree = "<group>"; };
		52300D802C7595F0000F974A /* DataRef_objc.hpp */ = {isa = PBXFileReference; fileEncoding = 4; lastKnownFileType = sourcecode.cpp.h; path = DataRef_objc.hpp; sourceTree = "<group>"; };
		52300D812C7595F0000F974A /* DataView_objc.hpp */ = {isa = PBXFileReference; fileEncoding = 4; lastKnownFileType = sourcecode.cpp.h; path = DataView_objc.hpp; sourceTree = "<group>"; };
		52300D822C7595F0000F974A /* DJFuture.h */ = {isa = PBXFileReference; fileEncoding = 4; lastKnownFileType = sourcecode.c.h; path = DJFuture.h; sourceTree = "<group>"; };
		52300D832C7595F0000F974A /* DJFuture.mm */ = {isa = PBXFileReference; fileEncoding = 4; lastKnownFileType = sourcecode.cpp.objcpp; path = DJFuture.mm; sourceTree = "<group>"; };
		52300D842C7595F0000F974A /* DJICppWrapperCache+Private.h */ = {isa = PBXFileReference; fileEncoding = 4; lastKnownFileType = sourcecode.c.h; path = "DJICppWrapperCache+Private.h"; sourceTree = "<group>"; };
		52300D852C7595F0000F974A /* DJIError.h */ = {isa = PBXFileReference; fileEncoding = 4; lastKnownFileType = sourcecode.c.h; path = DJIError.h; sourceTree = "<group>"; };
		52300D862C7595F0000F974A /* DJIError.mm */ = {isa = PBXFileReference; fileEncoding = 4; lastKnownFileType = sourcecode.cpp.objcpp; path = DJIError.mm; sourceTree = "<group>"; };
		52300D872C7595F0000F974A /* DJIMarshal+Private.h */ = {isa = PBXFileReference; fileEncoding = 4; lastKnownFileType = sourcecode.c.h; path = "DJIMarshal+Private.h"; sourceTree = "<group>"; };
		52300D882C7595F0000F974A /* DJIObjcWrapperCache+Private.h */ = {isa = PBXFileReference; fileEncoding = 4; lastKnownFileType = sourcecode.c.h; path = "DJIObjcWrapperCache+Private.h"; sourceTree = "<group>"; };
		52300D892C7595F0000F974A /* DJIProxyCaches.mm */ = {isa = PBXFileReference; fileEncoding = 4; lastKnownFileType = sourcecode.cpp.objcpp; path = DJIProxyCaches.mm; sourceTree = "<group>"; };
		52300D8A2C7595F0000F974A /* DJOutcome.h */ = {isa = PBXFileReference; fileEncoding = 4; lastKnownFileType = sourcecode.c.h; path = DJOutcome.h; sourceTree = "<group>"; };
		52300D8B2C7595F0000F974A /* DJOutcome.mm */ = {isa = PBXFileReference; fileEncoding = 4; lastKnownFileType = sourcecode.cpp.objcpp; path = DJOutcome.mm; sourceTree = "<group>"; };
		52300D8C2C7595F0000F974A /* Future_objc.hpp */ = {isa = PBXFileReference; fileEncoding = 4; lastKnownFileType = sourcecode.cpp.h; path = Future_objc.hpp; sourceTree = "<group>"; };
		52300D8D2C7595F0000F974A /* Outcome_objc.hpp */ = {isa = PBXFileReference; fileEncoding = 4; lastKnownFileType = sourcecode.cpp.h; path = Outcome_objc.hpp; sourceTree = "<group>"; };
		52300D9A2C7595F0000F974A /* .gitignore */ = {isa = PBXFileReference; fileEncoding = 4; lastKnownFileType = text; path = .gitignore; sourceTree = "<group>"; };
		52300D9B2C7595F0000F974A /* BUILD */ = {isa = PBXFileReference; fileEncoding = 4; lastKnownFileType = text; path = BUILD; sourceTree = "<group>"; };
		52300D9C2C7595F0000F974A /* dataref.yaml */ = {isa = PBXFileReference; fileEncoding = 4; lastKnownFileType = text.yaml; path = dataref.yaml; sourceTree = "<group>"; };
		52300D9D2C7595F0000F974A /* dataview.yaml */ = {isa = PBXFileReference; fileEncoding = 4; lastKnownFileType = text.yaml; path = dataview.yaml; sourceTree = "<group>"; };
		52300D9E2C7595F0000F974A /* djinni_common.hpp */ = {isa = PBXFileReference; fileEncoding = 4; lastKnownFileType = sourcecode.cpp.h; path = djinni_common.hpp; sourceTree = "<group>"; };
		52300D9F2C7595F0000F974A /* future.yaml */ = {isa = PBXFileReference; fileEncoding = 4; lastKnownFileType = text.yaml; path = future.yaml; sourceTree = "<group>"; };
		52300DA02C7595F0000F974A /* outcome.yaml */ = {isa = PBXFileReference; fileEncoding = 4; lastKnownFileType = text.yaml; path = outcome.yaml; sourceTree = "<group>"; };
		52300DA12C7595F0000F974A /* proxy_cache_impl.hpp */ = {isa = PBXFileReference; fileEncoding = 4; lastKnownFileType = sourcecode.cpp.h; path = proxy_cache_impl.hpp; sourceTree = "<group>"; };
		52300DA22C7595F0000F974A /* proxy_cache_interface.hpp */ = {isa = PBXFileReference; fileEncoding = 4; lastKnownFileType = sourcecode.cpp.h; path = proxy_cache_interface.hpp; sourceTree = "<group>"; };
		524A359D2C7433F4007234B0 /* SGuitar */ = {isa = PBXFileReference; explicitFileType = "compiled.mach-o.executable"; includeInIndex = 0; path = SGuitar; sourceTree = BUILT_PRODUCTS_DIR; };
		525A682E2C76DA4400CD81A2 /* run-djinni.sh */ = {isa = PBXFileReference; lastKnownFileType = text.script.sh; path = "run-djinni.sh"; sourceTree = "<group>"; };
		525A68392C76E66700CD81A2 /* ChordImpl.cpp */ = {isa = PBXFileReference; lastKnownFileType = sourcecode.cpp.cpp; path = ChordImpl.cpp; sourceTree = "<group>"; };
		525A683A2C76E66700CD81A2 /* GuitarAdjustmentImpl.cpp */ = {isa = PBXFileReference; lastKnownFileType = sourcecode.cpp.cpp; path = GuitarAdjustmentImpl.cpp; sourceTree = "<group>"; };
		525A683B2C76E66700CD81A2 /* GuitarImpl.cpp */ = {isa = PBXFileReference; lastKnownFileType = sourcecode.cpp.cpp; path = GuitarImpl.cpp; sourceTree = "<group>"; };
		525A683C2C76E66700CD81A2 /* GuitarStringImpl.cpp */ = {isa = PBXFileReference; lastKnownFileType = sourcecode.cpp.cpp; path = GuitarStringImpl.cpp; sourceTree = "<group>"; };
		525A683D2C76E66700CD81A2 /* NoteImpl.cpp */ = {isa = PBXFileReference; lastKnownFileType = sourcecode.cpp.cpp; path = NoteImpl.cpp; sourceTree = "<group>"; };
		525A683F2C76E66700CD81A2 /* ScaleImpl.cpp */ = {isa = PBXFileReference; lastKnownFileType = sourcecode.cpp.cpp; path = ScaleImpl.cpp; sourceTree = "<group>"; };
		525A68402C76E66700CD81A2 /* StringAdjustmentImpl.cpp */ = {isa = PBXFileReference; lastKnownFileType = sourcecode.cpp.cpp; path = StringAdjustmentImpl.cpp; sourceTree = "<group>"; };
		5273B63B2C7BBAAC000E97F1 /* SGuitarTests.xctest */ = {isa = PBXFileReference; explicitFileType = wrapper.cfbundle; includeInIndex = 0; path = SGuitarTests.xctest; sourceTree = BUILT_PRODUCTS_DIR; };
		5273B63D2C7BBAAC000E97F1 /* SGuitarTests.m */ = {isa = PBXFileReference; lastKnownFileType = sourcecode.c.objc; path = SGuitarTests.m; sourceTree = "<group>"; };
		52FC68182C7439230019ACE7 /* LICENSE */ = {isa = PBXFileReference; fileEncoding = 4; lastKnownFileType = text; path = LICENSE; sourceTree = "<group>"; };
		52FC68192C7439230019ACE7 /* README.md */ = {isa = PBXFileReference; fileEncoding = 4; lastKnownFileType = net.daringfireball.markdown; path = README.md; sourceTree = "<group>"; };
/* End PBXFileReference section */

/* Begin PBXFrameworksBuildPhase section */
		524A359A2C7433F4007234B0 /* Frameworks */ = {
			isa = PBXFrameworksBuildPhase;
			buildActionMask = 2147483647;
			files = (
			);
			runOnlyForDeploymentPostprocessing = 0;
		};
		5273B6382C7BBAAC000E97F1 /* Frameworks */ = {
			isa = PBXFrameworksBuildPhase;
			buildActionMask = 2147483647;
			files = (
			);
			runOnlyForDeploymentPostprocessing = 0;
		};
/* End PBXFrameworksBuildPhase section */

/* Begin PBXGroup section */
		52215BAE2C7BB1270072468E /* src */ = {
			isa = PBXGroup;
			children = (
				52215BAD2C7BB1270072468E /* main.m */,
			);
			path = src;
			sourceTree = "<group>";
		};
		52300D0D2C758F46000F974A /* cpp */ = {
			isa = PBXGroup;
			children = (
				52300D042C758F46000F974A /* accidental_type.hpp */,
				52300D052C758F46000F974A /* chord.hpp */,
				52300D062C758F46000F974A /* guitar_adjustment.hpp */,
				52300D072C758F46000F974A /* guitar_string.hpp */,
				52300D082C758F46000F974A /* guitar.hpp */,
				52300D092C758F46000F974A /* note_value.hpp */,
				52300D0A2C758F46000F974A /* note.hpp */,
				52300D0B2C758F46000F974A /* scale.hpp */,
				52300D0C2C758F46000F974A /* string_adjustment.hpp */,
			);
			path = cpp;
			sourceTree = "<group>";
		};
		52300D322C758F46000F974A /* objc */ = {
			isa = PBXGroup;
			children = (
				52300D292C758F46000F974A /* SGAccidentalType.h */,
				52300D2A2C758F46000F974A /* SGChord.h */,
				52300D2B2C758F46000F974A /* SGGuitar.h */,
				52300D2C2C758F46000F974A /* SGGuitarAdjustment.h */,
				52300D2D2C758F46000F974A /* SGGuitarString.h */,
				52300D2E2C758F46000F974A /* SGNote.h */,
				52300D2F2C758F46000F974A /* SGNoteValue.h */,
				52300D302C758F46000F974A /* SGScale.h */,
				52300D312C758F46000F974A /* SGStringAdjustment.h */,
			);
			path = objc;
			sourceTree = "<group>";
		};
		52300D432C758F46000F974A /* objc-out */ = {
			isa = PBXGroup;
			children = (
				52300D332C758F46000F974A /* SGAccidentalType+Private.h */,
				52300D342C758F46000F974A /* SGChord+Private.h */,
				52300D352C758F46000F974A /* SGChord+Private.mm */,
				52300D362C758F46000F974A /* SGGuitar+Private.h */,
				52300D372C758F46000F974A /* SGGuitar+Private.mm */,
				52300D382C758F46000F974A /* SGGuitarAdjustment+Private.h */,
				52300D392C758F46000F974A /* SGGuitarAdjustment+Private.mm */,
				52300D3A2C758F46000F974A /* SGGuitarString+Private.h */,
				52300D3B2C758F46000F974A /* SGGuitarString+Private.mm */,
				52300D3C2C758F46000F974A /* SGNote+Private.h */,
				52300D3D2C758F46000F974A /* SGNote+Private.mm */,
				52300D3E2C758F46000F974A /* SGNoteValue+Private.h */,
				52300D3F2C758F46000F974A /* SGScale+Private.h */,
				52300D402C758F46000F974A /* SGScale+Private.mm */,
				52300D412C758F46000F974A /* SGStringAdjustment+Private.h */,
				52300D422C758F46000F974A /* SGStringAdjustment+Private.mm */,
			);
			path = "objc-out";
			sourceTree = "<group>";
		};
		52300D442C758F46000F974A /* generated */ = {
			isa = PBXGroup;
			children = (
				52300D0D2C758F46000F974A /* cpp */,
				52300D322C758F46000F974A /* objc */,
				52300D432C758F46000F974A /* objc-out */,
			);
			path = generated;
			sourceTree = "<group>";
		};
		52300D652C7595F0000F974A /* cpp */ = {
			isa = PBXGroup;
			children = (
				52300D5E2C7595F0000F974A /* DataRef.cpp */,
				52300D5F2C7595F0000F974A /* DataRef.hpp */,
				52300D602C7595F0000F974A /* DataView.hpp */,
				52300D612C7595F0000F974A /* expected.hpp */,
				52300D622C7595F0000F974A /* Future.hpp */,
				52300D632C7595F0000F974A /* SharedFuture.hpp */,
				52300D642C7595F0000F974A /* tl_expected.hpp */,
			);
			path = cpp;
			sourceTree = "<group>";
		};
		52300D8E2C7595F0000F974A /* objc */ = {
			isa = PBXGroup;
			children = (
				52300D7F2C7595F0000F974A /* DataRef_objc.cpp */,
				52300D802C7595F0000F974A /* DataRef_objc.hpp */,
				52300D812C7595F0000F974A /* DataView_objc.hpp */,
				52300D822C7595F0000F974A /* DJFuture.h */,
				52300D832C7595F0000F974A /* DJFuture.mm */,
				52300D842C7595F0000F974A /* DJICppWrapperCache+Private.h */,
				52300D852C7595F0000F974A /* DJIError.h */,
				52300D862C7595F0000F974A /* DJIError.mm */,
				52300D872C7595F0000F974A /* DJIMarshal+Private.h */,
				52300D882C7595F0000F974A /* DJIObjcWrapperCache+Private.h */,
				52300D892C7595F0000F974A /* DJIProxyCaches.mm */,
				52300D8A2C7595F0000F974A /* DJOutcome.h */,
				52300D8B2C7595F0000F974A /* DJOutcome.mm */,
				52300D8C2C7595F0000F974A /* Future_objc.hpp */,
				52300D8D2C7595F0000F974A /* Outcome_objc.hpp */,
			);
			path = objc;
			sourceTree = "<group>";
		};
		52300DA32C7595F0000F974A /* support-lib */ = {
			isa = PBXGroup;
			children = (
				52300D652C7595F0000F974A /* cpp */,
				52300D8E2C7595F0000F974A /* objc */,
				52300D9A2C7595F0000F974A /* .gitignore */,
				52300D9B2C7595F0000F974A /* BUILD */,
				52300D9C2C7595F0000F974A /* dataref.yaml */,
				52300D9D2C7595F0000F974A /* dataview.yaml */,
				52300D9E2C7595F0000F974A /* djinni_common.hpp */,
				52300D9F2C7595F0000F974A /* future.yaml */,
				52300DA02C7595F0000F974A /* outcome.yaml */,
				52300DA12C7595F0000F974A /* proxy_cache_impl.hpp */,
				52300DA22C7595F0000F974A /* proxy_cache_interface.hpp */,
			);
			name = "support-lib";
			path = "djinni/support-lib";
			sourceTree = "<group>";
		};
		524A35942C7433F4007234B0 = {
			isa = PBXGroup;
			children = (
				52215BAE2C7BB1270072468E /* src */,
				52300DA32C7595F0000F974A /* support-lib */,
				52300D442C758F46000F974A /* generated */,
				525A68412C76E66700CD81A2 /* implemented */,
				525A682E2C76DA4400CD81A2 /* run-djinni.sh */,
				52FC68182C7439230019ACE7 /* LICENSE */,
				52FC68192C7439230019ACE7 /* README.md */,
				5273B63C2C7BBAAC000E97F1 /* SGuitarTests */,
				524A359E2C7433F4007234B0 /* Products */,
			);
			sourceTree = "<group>";
		};
		524A359E2C7433F4007234B0 /* Products */ = {
			isa = PBXGroup;
			children = (
				524A359D2C7433F4007234B0 /* SGuitar */,
				5273B63B2C7BBAAC000E97F1 /* SGuitarTests.xctest */,
			);
			name = Products;
			sourceTree = "<group>";
		};
		525A68412C76E66700CD81A2 /* implemented */ = {
			isa = PBXGroup;
			children = (
				525A68392C76E66700CD81A2 /* ChordImpl.cpp */,
				525A683A2C76E66700CD81A2 /* GuitarAdjustmentImpl.cpp */,
				525A683B2C76E66700CD81A2 /* GuitarImpl.cpp */,
				525A683C2C76E66700CD81A2 /* GuitarStringImpl.cpp */,
				525A683D2C76E66700CD81A2 /* NoteImpl.cpp */,
				525A683F2C76E66700CD81A2 /* ScaleImpl.cpp */,
				525A68402C76E66700CD81A2 /* StringAdjustmentImpl.cpp */,
			);
			path = implemented;
			sourceTree = "<group>";
		};
		5273B63C2C7BBAAC000E97F1 /* SGuitarTests */ = {
			isa = PBXGroup;
			children = (
				5273B63D2C7BBAAC000E97F1 /* SGuitarTests.m */,
			);
			path = SGuitarTests;
			sourceTree = "<group>";
		};
/* End PBXGroup section */

/* Begin PBXNativeTarget section */
		524A359C2C7433F4007234B0 /* SGuitar */ = {
			isa = PBXNativeTarget;
			buildConfigurationList = 524A35A42C7433F4007234B0 /* Build configuration list for PBXNativeTarget "SGuitar" */;
			buildPhases = (
				524A35992C7433F4007234B0 /* Sources */,
				524A359A2C7433F4007234B0 /* Frameworks */,
				524A359B2C7433F4007234B0 /* CopyFiles */,
			);
			buildRules = (
			);
			dependencies = (
			);
			name = SGuitar;
			productName = SGuitar;
			productReference = 524A359D2C7433F4007234B0 /* SGuitar */;
			productType = "com.apple.product-type.tool";
		};
		5273B63A2C7BBAAC000E97F1 /* SGuitarTests */ = {
			isa = PBXNativeTarget;
			buildConfigurationList = 5273B63F2C7BBAAC000E97F1 /* Build configuration list for PBXNativeTarget "SGuitarTests" */;
			buildPhases = (
				5273B6372C7BBAAC000E97F1 /* Sources */,
				5273B6382C7BBAAC000E97F1 /* Frameworks */,
				5273B6392C7BBAAC000E97F1 /* Resources */,
			);
			buildRules = (
			);
			dependencies = (
			);
			name = SGuitarTests;
			productName = SGuitarTests;
			productReference = 5273B63B2C7BBAAC000E97F1 /* SGuitarTests.xctest */;
			productType = "com.apple.product-type.bundle.unit-test";
		};
/* End PBXNativeTarget section */

/* Begin PBXProject section */
		524A35952C7433F4007234B0 /* Project object */ = {
			isa = PBXProject;
			attributes = {
				BuildIndependentTargetsInParallel = 1;
				LastSwiftUpdateCheck = 1540;
				LastUpgradeCheck = 1540;
				TargetAttributes = {
					524A359C2C7433F4007234B0 = {
						CreatedOnToolsVersion = 15.4;
					};
					5273B63A2C7BBAAC000E97F1 = {
						CreatedOnToolsVersion = 15.4;
					};
				};
			};
			buildConfigurationList = 524A35982C7433F4007234B0 /* Build configuration list for PBXProject "SGuitar" */;
			compatibilityVersion = "Xcode 14.0";
			developmentRegion = en;
			hasScannedForEncodings = 0;
			knownRegions = (
				en,
				Base,
			);
			mainGroup = 524A35942C7433F4007234B0;
			productRefGroup = 524A359E2C7433F4007234B0 /* Products */;
			projectDirPath = "";
			projectRoot = "";
			targets = (
				524A359C2C7433F4007234B0 /* SGuitar */,
				5273B63A2C7BBAAC000E97F1 /* SGuitarTests */,
			);
		};
/* End PBXProject section */

/* Begin PBXResourcesBuildPhase section */
		5273B6392C7BBAAC000E97F1 /* Resources */ = {
			isa = PBXResourcesBuildPhase;
			buildActionMask = 2147483647;
			files = (
			);
			runOnlyForDeploymentPostprocessing = 0;
		};
/* End PBXResourcesBuildPhase section */

/* Begin PBXSourcesBuildPhase section */
		524A35992C7433F4007234B0 /* Sources */ = {
			isa = PBXSourcesBuildPhase;
			buildActionMask = 2147483647;
			files = (
				52300D572C758F46000F974A /* SGGuitarAdjustment+Private.mm in Sources */,
				52300DB22C7595F0000F974A /* DJFuture.mm in Sources */,
				52300D562C758F46000F974A /* SGGuitar+Private.mm in Sources */,
				525A68422C76E66F00CD81A2 /* ChordImpl.cpp in Sources */,
				52300D592C758F46000F974A /* SGNote+Private.mm in Sources */,
				525A68432C78497C00CD81A2 /* GuitarAdjustmentImpl.cpp in Sources */,
				525A68452C78497C00CD81A2 /* NoteImpl.cpp in Sources */,
				525A68462C78497C00CD81A2 /* ScaleImpl.cpp in Sources */,
				525A68472C78497C00CD81A2 /* GuitarStringImpl.cpp in Sources */,
				525A68492C78497C00CD81A2 /* StringAdjustmentImpl.cpp in Sources */,
				5231A37B2C79A6B1009151DC /* GuitarImpl.cpp in Sources */,
				52300D5A2C758F46000F974A /* SGScale+Private.mm in Sources */,
				52300DA42C7595F0000F974A /* DataRef.cpp in Sources */,
				52300DB52C7595F0000F974A /* DJOutcome.mm in Sources */,
				52300D552C758F46000F974A /* SGChord+Private.mm in Sources */,
				52300DB32C7595F0000F974A /* DJIError.mm in Sources */,
				52300DB42C7595F0000F974A /* DJIProxyCaches.mm in Sources */,
				52300D582C758F46000F974A /* SGGuitarString+Private.mm in Sources */,
				52300DB12C7595F0000F974A /* DataRef_objc.cpp in Sources */,
				52215BAF2C7BB12C0072468E /* main.m in Sources */,
				52300D5B2C758F46000F974A /* SGStringAdjustment+Private.mm in Sources */,
			);
			runOnlyForDeploymentPostprocessing = 0;
		};
		5273B6372C7BBAAC000E97F1 /* Sources */ = {
			isa = PBXSourcesBuildPhase;
			buildActionMask = 2147483647;
			files = (
				5273B64B2C7BBB84000E97F1 /* DJFuture.mm in Sources */,
				5273B64C2C7BBB84000E97F1 /* DJIError.mm in Sources */,
				5273B64D2C7BBB84000E97F1 /* DJIProxyCaches.mm in Sources */,
				5273B64E2C7BBB84000E97F1 /* DJOutcome.mm in Sources */,
				5273B64F2C7BBB84000E97F1 /* SGChord+Private.mm in Sources */,
				5273B6502C7BBB84000E97F1 /* SGGuitar+Private.mm in Sources */,
				5273B6512C7BBB84000E97F1 /* SGGuitarAdjustment+Private.mm in Sources */,
				5273B6522C7BBB84000E97F1 /* SGGuitarString+Private.mm in Sources */,
				5273B6532C7BBB84000E97F1 /* SGNote+Private.mm in Sources */,
				5273B6542C7BBB84000E97F1 /* SGScale+Private.mm in Sources */,
				5273B6552C7BBB84000E97F1 /* SGStringAdjustment+Private.mm in Sources */,
				5273B6422C7BBB52000E97F1 /* DataRef.cpp in Sources */,
				5273B6432C7BBB52000E97F1 /* DataRef_objc.cpp in Sources */,
				5273B6442C7BBB52000E97F1 /* ChordImpl.cpp in Sources */,
				5273B6452C7BBB52000E97F1 /* GuitarAdjustmentImpl.cpp in Sources */,
				5273B6462C7BBB52000E97F1 /* GuitarImpl.cpp in Sources */,
				5273B6472C7BBB52000E97F1 /* GuitarStringImpl.cpp in Sources */,
				5273B6482C7BBB52000E97F1 /* NoteImpl.cpp in Sources */,
				5273B6492C7BBB52000E97F1 /* ScaleImpl.cpp in Sources */,
				5273B64A2C7BBB52000E97F1 /* StringAdjustmentImpl.cpp in Sources */,
				5273B63E2C7BBAAC000E97F1 /* SGuitarTests.m in Sources */,
			);
			runOnlyForDeploymentPostprocessing = 0;
		};
/* End PBXSourcesBuildPhase section */

/* Begin XCBuildConfiguration section */
		524A35A22C7433F4007234B0 /* Debug */ = {
			isa = XCBuildConfiguration;
			buildSettings = {
				ALWAYS_SEARCH_USER_PATHS = NO;
				ASSETCATALOG_COMPILER_GENERATE_SWIFT_ASSET_SYMBOL_EXTENSIONS = YES;
				CLANG_ANALYZER_NONNULL = YES;
				CLANG_ANALYZER_NUMBER_OBJECT_CONVERSION = YES_AGGRESSIVE;
				CLANG_CXX_LANGUAGE_STANDARD = "gnu++20";
				CLANG_ENABLE_MODULES = YES;
				CLANG_ENABLE_OBJC_ARC = YES;
				CLANG_ENABLE_OBJC_WEAK = YES;
				CLANG_WARN_BLOCK_CAPTURE_AUTORELEASING = YES;
				CLANG_WARN_BOOL_CONVERSION = YES;
				CLANG_WARN_COMMA = YES;
				CLANG_WARN_CONSTANT_CONVERSION = YES;
				CLANG_WARN_DEPRECATED_OBJC_IMPLEMENTATIONS = YES;
				CLANG_WARN_DIRECT_OBJC_ISA_USAGE = YES_ERROR;
				CLANG_WARN_DOCUMENTATION_COMMENTS = YES;
				CLANG_WARN_EMPTY_BODY = YES;
				CLANG_WARN_ENUM_CONVERSION = YES;
				CLANG_WARN_INFINITE_RECURSION = YES;
				CLANG_WARN_INT_CONVERSION = YES;
				CLANG_WARN_NON_LITERAL_NULL_CONVERSION = YES;
				CLANG_WARN_OBJC_IMPLICIT_RETAIN_SELF = YES;
				CLANG_WARN_OBJC_LITERAL_CONVERSION = YES;
				CLANG_WARN_OBJC_ROOT_CLASS = YES_ERROR;
				CLANG_WARN_QUOTED_INCLUDE_IN_FRAMEWORK_HEADER = YES;
				CLANG_WARN_RANGE_LOOP_ANALYSIS = YES;
				CLANG_WARN_STRICT_PROTOTYPES = YES;
				CLANG_WARN_SUSPICIOUS_MOVE = YES;
				CLANG_WARN_UNGUARDED_AVAILABILITY = YES_AGGRESSIVE;
				CLANG_WARN_UNREACHABLE_CODE = YES;
				CLANG_WARN__DUPLICATE_METHOD_MATCH = YES;
				COPY_PHASE_STRIP = NO;
				DEBUG_INFORMATION_FORMAT = dwarf;
				ENABLE_STRICT_OBJC_MSGSEND = YES;
				ENABLE_TESTABILITY = YES;
				ENABLE_USER_SCRIPT_SANDBOXING = YES;
				GCC_C_LANGUAGE_STANDARD = gnu17;
				GCC_DYNAMIC_NO_PIC = NO;
				GCC_NO_COMMON_BLOCKS = YES;
				GCC_OPTIMIZATION_LEVEL = 0;
				GCC_PREPROCESSOR_DEFINITIONS = (
					"DEBUG=1",
					"$(inherited)",
				);
				GCC_WARN_64_TO_32_BIT_CONVERSION = YES;
				GCC_WARN_ABOUT_RETURN_TYPE = YES_ERROR;
				GCC_WARN_UNDECLARED_SELECTOR = YES;
				GCC_WARN_UNINITIALIZED_AUTOS = YES_AGGRESSIVE;
				GCC_WARN_UNUSED_FUNCTION = YES;
				GCC_WARN_UNUSED_VARIABLE = YES;
				LOCALIZATION_PREFERS_STRING_CATALOGS = YES;
				MACOSX_DEPLOYMENT_TARGET = 14.5;
				MTL_ENABLE_DEBUG_INFO = INCLUDE_SOURCE;
				MTL_FAST_MATH = YES;
				ONLY_ACTIVE_ARCH = YES;
				SDKROOT = macosx;
			};
			name = Debug;
		};
		524A35A32C7433F4007234B0 /* Release */ = {
			isa = XCBuildConfiguration;
			buildSettings = {
				ALWAYS_SEARCH_USER_PATHS = NO;
				ASSETCATALOG_COMPILER_GENERATE_SWIFT_ASSET_SYMBOL_EXTENSIONS = YES;
				CLANG_ANALYZER_NONNULL = YES;
				CLANG_ANALYZER_NUMBER_OBJECT_CONVERSION = YES_AGGRESSIVE;
				CLANG_CXX_LANGUAGE_STANDARD = "gnu++20";
				CLANG_ENABLE_MODULES = YES;
				CLANG_ENABLE_OBJC_ARC = YES;
				CLANG_ENABLE_OBJC_WEAK = YES;
				CLANG_WARN_BLOCK_CAPTURE_AUTORELEASING = YES;
				CLANG_WARN_BOOL_CONVERSION = YES;
				CLANG_WARN_COMMA = YES;
				CLANG_WARN_CONSTANT_CONVERSION = YES;
				CLANG_WARN_DEPRECATED_OBJC_IMPLEMENTATIONS = YES;
				CLANG_WARN_DIRECT_OBJC_ISA_USAGE = YES_ERROR;
				CLANG_WARN_DOCUMENTATION_COMMENTS = YES;
				CLANG_WARN_EMPTY_BODY = YES;
				CLANG_WARN_ENUM_CONVERSION = YES;
				CLANG_WARN_INFINITE_RECURSION = YES;
				CLANG_WARN_INT_CONVERSION = YES;
				CLANG_WARN_NON_LITERAL_NULL_CONVERSION = YES;
				CLANG_WARN_OBJC_IMPLICIT_RETAIN_SELF = YES;
				CLANG_WARN_OBJC_LITERAL_CONVERSION = YES;
				CLANG_WARN_OBJC_ROOT_CLASS = YES_ERROR;
				CLANG_WARN_QUOTED_INCLUDE_IN_FRAMEWORK_HEADER = YES;
				CLANG_WARN_RANGE_LOOP_ANALYSIS = YES;
				CLANG_WARN_STRICT_PROTOTYPES = YES;
				CLANG_WARN_SUSPICIOUS_MOVE = YES;
				CLANG_WARN_UNGUARDED_AVAILABILITY = YES_AGGRESSIVE;
				CLANG_WARN_UNREACHABLE_CODE = YES;
				CLANG_WARN__DUPLICATE_METHOD_MATCH = YES;
				COPY_PHASE_STRIP = NO;
				DEBUG_INFORMATION_FORMAT = "dwarf-with-dsym";
				ENABLE_NS_ASSERTIONS = NO;
				ENABLE_STRICT_OBJC_MSGSEND = YES;
				ENABLE_USER_SCRIPT_SANDBOXING = YES;
				GCC_C_LANGUAGE_STANDARD = gnu17;
				GCC_NO_COMMON_BLOCKS = YES;
				GCC_WARN_64_TO_32_BIT_CONVERSION = YES;
				GCC_WARN_ABOUT_RETURN_TYPE = YES_ERROR;
				GCC_WARN_UNDECLARED_SELECTOR = YES;
				GCC_WARN_UNINITIALIZED_AUTOS = YES_AGGRESSIVE;
				GCC_WARN_UNUSED_FUNCTION = YES;
				GCC_WARN_UNUSED_VARIABLE = YES;
				LOCALIZATION_PREFERS_STRING_CATALOGS = YES;
				MACOSX_DEPLOYMENT_TARGET = 14.5;
				MTL_ENABLE_DEBUG_INFO = NO;
				MTL_FAST_MATH = YES;
				SDKROOT = macosx;
			};
			name = Release;
		};
		524A35A52C7433F4007234B0 /* Debug */ = {
			isa = XCBuildConfiguration;
			buildSettings = {
				"CODE_SIGN_IDENTITY[sdk=macosx*]" = "-";
				CODE_SIGN_STYLE = Manual;
				DEVELOPMENT_TEAM = "";
				ENABLE_HARDENED_RUNTIME = YES;
				FRAMEWORK_SEARCH_PATHS = (
					"$(inherited)",
					"$(PROJECT_DIR)/djinni/bazel-djinni/external/bazel_tools/jdk/lib",
				);
				HEADER_SEARCH_PATHS = (
					"${SRCROOT}/include",
					"${SRCROOT}/generated/objc-out",
				);
				LIBRARY_SEARCH_PATHS = (
					"$(inherited)",
					"$(PROJECT_DIR)/djinni/bazel-bin/src/djinni.runfiles/local_jdk/lib/server",
					"$(PROJECT_DIR)/djinni/bazel-bin/src/djinni.runfiles/local_jdk/lib",
					"$(PROJECT_DIR)/djinni/bazel-bin/src/djinni.runfiles/snap_djinni/external/local_jdk/lib/server",
					"$(PROJECT_DIR)/djinni/bazel-bin/src/djinni.runfiles/snap_djinni/external/local_jdk/lib",
					"$(PROJECT_DIR)/djinni/bazel-djinni/bazel-out/darwin_arm64-fastbuild/bin/src/djinni.runfiles/local_jdk/lib/server",
					"$(PROJECT_DIR)/djinni/bazel-djinni/bazel-out/darwin_arm64-fastbuild/bin/src/djinni.runfiles/local_jdk/lib",
					"$(PROJECT_DIR)/djinni/bazel-djinni/bazel-out/darwin_arm64-fastbuild/bin/src/djinni.runfiles/snap_djinni/external/local_jdk/lib/server",
					"$(PROJECT_DIR)/djinni/bazel-djinni/bazel-out/darwin_arm64-fastbuild/bin/src/djinni.runfiles/snap_djinni/external/local_jdk/lib",
					"$(PROJECT_DIR)/djinni/bazel-djinni/bazel-out/darwin_arm64-opt-exec-2B5CBBC6/bin/external/com_google_protobuf",
					"$(PROJECT_DIR)/djinni/bazel-djinni/bazel-out/darwin_arm64-opt-exec-2B5CBBC6/bin/external/io_bazel_rules_scala/src/java/io/bazel/rulesscala/scalac/scalac.runfiles/remotejdk11_macos_aarch64/lib/jli",
					"$(PROJECT_DIR)/djinni/bazel-djinni/bazel-out/darwin_arm64-opt-exec-2B5CBBC6/bin/external/io_bazel_rules_scala/src/java/io/bazel/rulesscala/scalac/scalac.runfiles/remotejdk11_macos_aarch64/lib/server",
					"$(PROJECT_DIR)/djinni/bazel-djinni/bazel-out/darwin_arm64-opt-exec-2B5CBBC6/bin/external/io_bazel_rules_scala/src/java/io/bazel/rulesscala/scalac/scalac.runfiles/remotejdk11_macos_aarch64/lib",
					"$(PROJECT_DIR)/djinni/bazel-djinni/bazel-out/darwin_arm64-opt-exec-2B5CBBC6/bin/external/io_bazel_rules_scala/src/java/io/bazel/rulesscala/scalac/scalac.runfiles/snap_djinni/external/remotejdk11_macos_aarch64/lib/jli",
					"$(PROJECT_DIR)/djinni/bazel-djinni/bazel-out/darwin_arm64-opt-exec-2B5CBBC6/bin/external/io_bazel_rules_scala/src/java/io/bazel/rulesscala/scalac/scalac.runfiles/snap_djinni/external/remotejdk11_macos_aarch64/lib/server",
					"$(PROJECT_DIR)/djinni/bazel-djinni/bazel-out/darwin_arm64-opt-exec-2B5CBBC6/bin/external/io_bazel_rules_scala/src/java/io/bazel/rulesscala/scalac/scalac.runfiles/snap_djinni/external/remotejdk11_macos_aarch64/lib",
					"$(PROJECT_DIR)/djinni/bazel-djinni/bazel-out/darwin_arm64-opt-exec-2B5CBBC6/bin/external/zlib",
					"$(PROJECT_DIR)/djinni/bazel-djinni/bazel-out/host/bin/external/com_google_protobuf",
					"$(PROJECT_DIR)/djinni/bazel-djinni/bazel-out/host/bin/external/zlib",
					"$(PROJECT_DIR)/djinni/bazel-djinni/external/bazel_tools/jdk/lib/jli",
					"$(PROJECT_DIR)/djinni/bazel-djinni/external/bazel_tools/jdk/lib/server",
					"$(PROJECT_DIR)/djinni/bazel-djinni/external/bazel_tools/jdk/lib",
					"$(PROJECT_DIR)/djinni/bazel-djinni/external/local_jdk/lib/server",
					"$(PROJECT_DIR)/djinni/bazel-djinni/external/local_jdk/lib",
					"$(PROJECT_DIR)/djinni/bazel-djinni/external/remotejdk11_macos_aarch64/lib/jli",
					"$(PROJECT_DIR)/djinni/bazel-djinni/external/remotejdk11_macos_aarch64/lib/server",
					"$(PROJECT_DIR)/djinni/bazel-djinni/external/remotejdk11_macos_aarch64/lib",
					"$(PROJECT_DIR)/djinni/bazel-djinni/external/remotejdk11_macos_aarch64/zulu-11.jdk/Contents/Home/lib/jli",
					"$(PROJECT_DIR)/djinni/bazel-djinni/external/remotejdk11_macos_aarch64/zulu-11.jdk/Contents/Home/lib/server",
					"$(PROJECT_DIR)/djinni/bazel-djinni/external/remotejdk11_macos_aarch64/zulu-11.jdk/Contents/Home/lib",
					"$(PROJECT_DIR)/djinni/bazel-djinni/external/remotejdk11_macos_aarch64/zulu-11.jdk/Contents/MacOS",
					"$(PROJECT_DIR)/djinni/bazel-out/darwin_arm64-fastbuild/bin/src/djinni.runfiles/local_jdk/lib/server",
					"$(PROJECT_DIR)/djinni/bazel-out/darwin_arm64-fastbuild/bin/src/djinni.runfiles/local_jdk/lib",
					"$(PROJECT_DIR)/djinni/bazel-out/darwin_arm64-fastbuild/bin/src/djinni.runfiles/snap_djinni/external/local_jdk/lib/server",
					"$(PROJECT_DIR)/djinni/bazel-out/darwin_arm64-fastbuild/bin/src/djinni.runfiles/snap_djinni/external/local_jdk/lib",
					"$(PROJECT_DIR)/djinni/bazel-out/darwin_arm64-opt-exec-2B5CBBC6/bin/external/com_google_protobuf",
					"$(PROJECT_DIR)/djinni/bazel-out/darwin_arm64-opt-exec-2B5CBBC6/bin/external/io_bazel_rules_scala/src/java/io/bazel/rulesscala/scalac/scalac.runfiles/remotejdk11_macos_aarch64/lib/jli",
					"$(PROJECT_DIR)/djinni/bazel-out/darwin_arm64-opt-exec-2B5CBBC6/bin/external/io_bazel_rules_scala/src/java/io/bazel/rulesscala/scalac/scalac.runfiles/remotejdk11_macos_aarch64/lib/server",
					"$(PROJECT_DIR)/djinni/bazel-out/darwin_arm64-opt-exec-2B5CBBC6/bin/external/io_bazel_rules_scala/src/java/io/bazel/rulesscala/scalac/scalac.runfiles/remotejdk11_macos_aarch64/lib",
					"$(PROJECT_DIR)/djinni/bazel-out/darwin_arm64-opt-exec-2B5CBBC6/bin/external/io_bazel_rules_scala/src/java/io/bazel/rulesscala/scalac/scalac.runfiles/snap_djinni/external/remotejdk11_macos_aarch64/lib/jli",
					"$(PROJECT_DIR)/djinni/bazel-out/darwin_arm64-opt-exec-2B5CBBC6/bin/external/io_bazel_rules_scala/src/java/io/bazel/rulesscala/scalac/scalac.runfiles/snap_djinni/external/remotejdk11_macos_aarch64/lib/server",
					"$(PROJECT_DIR)/djinni/bazel-out/darwin_arm64-opt-exec-2B5CBBC6/bin/external/io_bazel_rules_scala/src/java/io/bazel/rulesscala/scalac/scalac.runfiles/snap_djinni/external/remotejdk11_macos_aarch64/lib",
					"$(PROJECT_DIR)/djinni/bazel-out/darwin_arm64-opt-exec-2B5CBBC6/bin/external/zlib",
					"$(PROJECT_DIR)/djinni/bazel-out/host/bin/external/com_google_protobuf",
					"$(PROJECT_DIR)/djinni/bazel-out/host/bin/external/zlib",
				);
				"PRODUCT_BUNDLE_IDENTIFIER[sdk=macosx*]" = SGuitar;
				PRODUCT_NAME = "$(TARGET_NAME)";
				PROVISIONING_PROFILE_SPECIFIER = "";
			};
			name = Debug;
		};
		524A35A62C7433F4007234B0 /* Release */ = {
			isa = XCBuildConfiguration;
			buildSettings = {
				"CODE_SIGN_IDENTITY[sdk=macosx*]" = "-";
				CODE_SIGN_STYLE = Manual;
				DEVELOPMENT_TEAM = "";
				ENABLE_HARDENED_RUNTIME = YES;
				FRAMEWORK_SEARCH_PATHS = (
					"$(inherited)",
					"$(PROJECT_DIR)/djinni/bazel-djinni/external/bazel_tools/jdk/lib",
				);
				HEADER_SEARCH_PATHS = (
					"${SRCROOT}/include",
					"${SRCROOT}/generated/objc-out",
				);
				LIBRARY_SEARCH_PATHS = (
					"$(inherited)",
					"$(PROJECT_DIR)/djinni/bazel-bin/src/djinni.runfiles/local_jdk/lib/server",
					"$(PROJECT_DIR)/djinni/bazel-bin/src/djinni.runfiles/local_jdk/lib",
					"$(PROJECT_DIR)/djinni/bazel-bin/src/djinni.runfiles/snap_djinni/external/local_jdk/lib/server",
					"$(PROJECT_DIR)/djinni/bazel-bin/src/djinni.runfiles/snap_djinni/external/local_jdk/lib",
					"$(PROJECT_DIR)/djinni/bazel-djinni/bazel-out/darwin_arm64-fastbuild/bin/src/djinni.runfiles/local_jdk/lib/server",
					"$(PROJECT_DIR)/djinni/bazel-djinni/bazel-out/darwin_arm64-fastbuild/bin/src/djinni.runfiles/local_jdk/lib",
					"$(PROJECT_DIR)/djinni/bazel-djinni/bazel-out/darwin_arm64-fastbuild/bin/src/djinni.runfiles/snap_djinni/external/local_jdk/lib/server",
					"$(PROJECT_DIR)/djinni/bazel-djinni/bazel-out/darwin_arm64-fastbuild/bin/src/djinni.runfiles/snap_djinni/external/local_jdk/lib",
					"$(PROJECT_DIR)/djinni/bazel-djinni/bazel-out/darwin_arm64-opt-exec-2B5CBBC6/bin/external/com_google_protobuf",
					"$(PROJECT_DIR)/djinni/bazel-djinni/bazel-out/darwin_arm64-opt-exec-2B5CBBC6/bin/external/io_bazel_rules_scala/src/java/io/bazel/rulesscala/scalac/scalac.runfiles/remotejdk11_macos_aarch64/lib/jli",
					"$(PROJECT_DIR)/djinni/bazel-djinni/bazel-out/darwin_arm64-opt-exec-2B5CBBC6/bin/external/io_bazel_rules_scala/src/java/io/bazel/rulesscala/scalac/scalac.runfiles/remotejdk11_macos_aarch64/lib/server",
					"$(PROJECT_DIR)/djinni/bazel-djinni/bazel-out/darwin_arm64-opt-exec-2B5CBBC6/bin/external/io_bazel_rules_scala/src/java/io/bazel/rulesscala/scalac/scalac.runfiles/remotejdk11_macos_aarch64/lib",
					"$(PROJECT_DIR)/djinni/bazel-djinni/bazel-out/darwin_arm64-opt-exec-2B5CBBC6/bin/external/io_bazel_rules_scala/src/java/io/bazel/rulesscala/scalac/scalac.runfiles/snap_djinni/external/remotejdk11_macos_aarch64/lib/jli",
					"$(PROJECT_DIR)/djinni/bazel-djinni/bazel-out/darwin_arm64-opt-exec-2B5CBBC6/bin/external/io_bazel_rules_scala/src/java/io/bazel/rulesscala/scalac/scalac.runfiles/snap_djinni/external/remotejdk11_macos_aarch64/lib/server",
					"$(PROJECT_DIR)/djinni/bazel-djinni/bazel-out/darwin_arm64-opt-exec-2B5CBBC6/bin/external/io_bazel_rules_scala/src/java/io/bazel/rulesscala/scalac/scalac.runfiles/snap_djinni/external/remotejdk11_macos_aarch64/lib",
					"$(PROJECT_DIR)/djinni/bazel-djinni/bazel-out/darwin_arm64-opt-exec-2B5CBBC6/bin/external/zlib",
					"$(PROJECT_DIR)/djinni/bazel-djinni/bazel-out/host/bin/external/com_google_protobuf",
					"$(PROJECT_DIR)/djinni/bazel-djinni/bazel-out/host/bin/external/zlib",
					"$(PROJECT_DIR)/djinni/bazel-djinni/external/bazel_tools/jdk/lib/jli",
					"$(PROJECT_DIR)/djinni/bazel-djinni/external/bazel_tools/jdk/lib/server",
					"$(PROJECT_DIR)/djinni/bazel-djinni/external/bazel_tools/jdk/lib",
					"$(PROJECT_DIR)/djinni/bazel-djinni/external/local_jdk/lib/server",
					"$(PROJECT_DIR)/djinni/bazel-djinni/external/local_jdk/lib",
					"$(PROJECT_DIR)/djinni/bazel-djinni/external/remotejdk11_macos_aarch64/lib/jli",
					"$(PROJECT_DIR)/djinni/bazel-djinni/external/remotejdk11_macos_aarch64/lib/server",
					"$(PROJECT_DIR)/djinni/bazel-djinni/external/remotejdk11_macos_aarch64/lib",
					"$(PROJECT_DIR)/djinni/bazel-djinni/external/remotejdk11_macos_aarch64/zulu-11.jdk/Contents/Home/lib/jli",
					"$(PROJECT_DIR)/djinni/bazel-djinni/external/remotejdk11_macos_aarch64/zulu-11.jdk/Contents/Home/lib/server",
					"$(PROJECT_DIR)/djinni/bazel-djinni/external/remotejdk11_macos_aarch64/zulu-11.jdk/Contents/Home/lib",
					"$(PROJECT_DIR)/djinni/bazel-djinni/external/remotejdk11_macos_aarch64/zulu-11.jdk/Contents/MacOS",
					"$(PROJECT_DIR)/djinni/bazel-out/darwin_arm64-fastbuild/bin/src/djinni.runfiles/local_jdk/lib/server",
					"$(PROJECT_DIR)/djinni/bazel-out/darwin_arm64-fastbuild/bin/src/djinni.runfiles/local_jdk/lib",
					"$(PROJECT_DIR)/djinni/bazel-out/darwin_arm64-fastbuild/bin/src/djinni.runfiles/snap_djinni/external/local_jdk/lib/server",
					"$(PROJECT_DIR)/djinni/bazel-out/darwin_arm64-fastbuild/bin/src/djinni.runfiles/snap_djinni/external/local_jdk/lib",
					"$(PROJECT_DIR)/djinni/bazel-out/darwin_arm64-opt-exec-2B5CBBC6/bin/external/com_google_protobuf",
					"$(PROJECT_DIR)/djinni/bazel-out/darwin_arm64-opt-exec-2B5CBBC6/bin/external/io_bazel_rules_scala/src/java/io/bazel/rulesscala/scalac/scalac.runfiles/remotejdk11_macos_aarch64/lib/jli",
					"$(PROJECT_DIR)/djinni/bazel-out/darwin_arm64-opt-exec-2B5CBBC6/bin/external/io_bazel_rules_scala/src/java/io/bazel/rulesscala/scalac/scalac.runfiles/remotejdk11_macos_aarch64/lib/server",
					"$(PROJECT_DIR)/djinni/bazel-out/darwin_arm64-opt-exec-2B5CBBC6/bin/external/io_bazel_rules_scala/src/java/io/bazel/rulesscala/scalac/scalac.runfiles/remotejdk11_macos_aarch64/lib",
					"$(PROJECT_DIR)/djinni/bazel-out/darwin_arm64-opt-exec-2B5CBBC6/bin/external/io_bazel_rules_scala/src/java/io/bazel/rulesscala/scalac/scalac.runfiles/snap_djinni/external/remotejdk11_macos_aarch64/lib/jli",
					"$(PROJECT_DIR)/djinni/bazel-out/darwin_arm64-opt-exec-2B5CBBC6/bin/external/io_bazel_rules_scala/src/java/io/bazel/rulesscala/scalac/scalac.runfiles/snap_djinni/external/remotejdk11_macos_aarch64/lib/server",
					"$(PROJECT_DIR)/djinni/bazel-out/darwin_arm64-opt-exec-2B5CBBC6/bin/external/io_bazel_rules_scala/src/java/io/bazel/rulesscala/scalac/scalac.runfiles/snap_djinni/external/remotejdk11_macos_aarch64/lib",
					"$(PROJECT_DIR)/djinni/bazel-out/darwin_arm64-opt-exec-2B5CBBC6/bin/external/zlib",
					"$(PROJECT_DIR)/djinni/bazel-out/host/bin/external/com_google_protobuf",
					"$(PROJECT_DIR)/djinni/bazel-out/host/bin/external/zlib",
				);
				"PRODUCT_BUNDLE_IDENTIFIER[sdk=macosx*]" = SGuitar;
				PRODUCT_NAME = "$(TARGET_NAME)";
				PROVISIONING_PROFILE_SPECIFIER = "";
			};
			name = Release;
		};
		5273B6402C7BBAAC000E97F1 /* Debug */ = {
			isa = XCBuildConfiguration;
			buildSettings = {
				CODE_SIGN_STYLE = Automatic;
				CURRENT_PROJECT_VERSION = 1;
				DEVELOPMENT_TEAM = N9V659CU72;
				GENERATE_INFOPLIST_FILE = YES;
				HEADER_SEARCH_PATHS = (
					"${SRCROOT}/include",
					"${SRCROOT}/generated/objc-out",
				);
				MARKETING_VERSION = 1.0;
				PRODUCT_BUNDLE_IDENTIFIER = com.steelsidekick.SGuitarTests;
				PRODUCT_NAME = "$(TARGET_NAME)";
				SWIFT_EMIT_LOC_STRINGS = NO;
			};
			name = Debug;
		};
		5273B6412C7BBAAC000E97F1 /* Release */ = {
			isa = XCBuildConfiguration;
			buildSettings = {
				CODE_SIGN_STYLE = Automatic;
				CURRENT_PROJECT_VERSION = 1;
				DEVELOPMENT_TEAM = N9V659CU72;
				GENERATE_INFOPLIST_FILE = YES;
				HEADER_SEARCH_PATHS = (
					"${SRCROOT}/include",
					"${SRCROOT}/generated/objc-out",
				);
				MARKETING_VERSION = 1.0;
				PRODUCT_BUNDLE_IDENTIFIER = com.steelsidekick.SGuitarTests;
				PRODUCT_NAME = "$(TARGET_NAME)";
				SWIFT_EMIT_LOC_STRINGS = NO;
			};
			name = Release;
		};
/* End XCBuildConfiguration section */

/* Begin XCConfigurationList section */
		524A35982C7433F4007234B0 /* Build configuration list for PBXProject "SGuitar" */ = {
			isa = XCConfigurationList;
			buildConfigurations = (
				524A35A22C7433F4007234B0 /* Debug */,
				524A35A32C7433F4007234B0 /* Release */,
			);
			defaultConfigurationIsVisible = 0;
			defaultConfigurationName = Release;
		};
		524A35A42C7433F4007234B0 /* Build configuration list for PBXNativeTarget "SGuitar" */ = {
			isa = XCConfigurationList;
			buildConfigurations = (
				524A35A52C7433F4007234B0 /* Debug */,
				524A35A62C7433F4007234B0 /* Release */,
			);
			defaultConfigurationIsVisible = 0;
			defaultConfigurationName = Release;
		};
		5273B63F2C7BBAAC000E97F1 /* Build configuration list for PBXNativeTarget "SGuitarTests" */ = {
			isa = XCConfigurationList;
			buildConfigurations = (
				5273B6402C7BBAAC000E97F1 /* Debug */,
				5273B6412C7BBAAC000E97F1 /* Release */,
			);
			defaultConfigurationIsVisible = 0;
			defaultConfigurationName = Release;
		};
/* End XCConfigurationList section */
	};
	rootObject = 524A35952C7433F4007234B0 /* Project object */;
}
